
Microsoft Visual Studio Solution File, Format Version 11.00
# Visual Studio 2010
# SharpDevelop 4.4
Project("{FD48973F-F585-4F70-812B-4D0503B36CE9}") = "aboutme6", "aboutme6.pyproj", "{30CB9951-36E3-43A3-8232-37445A4B5ECD}"
EndProject
Global
	GlobalSection(SolutionConfigurationPlatforms) = preSolution
		Debug|Any CPU = Debug|Any CPU
		Release|Any CPU = Release|Any CPU
	EndGlobalSection
	GlobalSection(ProjectConfigurationPlatforms) = postSolution
		{30CB9951-36E3-43A3-8232-37445A4B5ECD}.Debug|Any CPU.Build.0 = Debug|Any CPU
		{30CB9951-36E3-43A3-8232-37445A4B5ECD}.Debug|Any CPU.ActiveCfg = Debug|Any CPU
		{30CB9951-36E3-43A3-8232-37445A4B5ECD}.Release|Any CPU.Build.0 = Release|Any CPU
		{30CB9951-36E3-43A3-8232-37445A4B5ECD}.Release|Any CPU.ActiveCfg = Release|Any CPU
	EndGlobalSection
EndGlobal
