
Microsoft Visual Studio Solution File, Format Version 11.00
# Visual Studio 2010
# SharpDevelop 4.4
Project("{FD48973F-F585-4F70-812B-4D0503B36CE9}") = "prog152a", "prog152a\prog152a.pyproj", "{BAD9C75A-19C0-4B27-933D-B1E9CAA5AC6D}"
EndProject
Global
	GlobalSection(SolutionConfigurationPlatforms) = preSolution
		Debug|Any CPU = Debug|Any CPU
		Release|Any CPU = Release|Any CPU
	EndGlobalSection
	GlobalSection(ProjectConfigurationPlatforms) = postSolution
		{BAD9C75A-19C0-4B27-933D-B1E9CAA5AC6D}.Debug|Any CPU.Build.0 = Debug|Any CPU
		{BAD9C75A-19C0-4B27-933D-B1E9CAA5AC6D}.Debug|Any CPU.ActiveCfg = Debug|Any CPU
		{BAD9C75A-19C0-4B27-933D-B1E9CAA5AC6D}.Release|Any CPU.Build.0 = Release|Any CPU
		{BAD9C75A-19C0-4B27-933D-B1E9CAA5AC6D}.Release|Any CPU.ActiveCfg = Release|Any CPU
	EndGlobalSection
EndGlobal
