
Microsoft Visual Studio Solution File, Format Version 11.00
# Visual Studio 2010
# SharpDevelop 4.4
Project("{FD48973F-F585-4F70-812B-4D0503B36CE9}") = "aboutme1", "aboutme1.pyproj", "{979F9F1A-72CD-4C52-A5CD-4C102D4D0201}"
EndProject
Global
	GlobalSection(SolutionConfigurationPlatforms) = preSolution
		Debug|Any CPU = Debug|Any CPU
		Release|Any CPU = Release|Any CPU
	EndGlobalSection
	GlobalSection(ProjectConfigurationPlatforms) = postSolution
		{979F9F1A-72CD-4C52-A5CD-4C102D4D0201}.Debug|Any CPU.Build.0 = Debug|Any CPU
		{979F9F1A-72CD-4C52-A5CD-4C102D4D0201}.Debug|Any CPU.ActiveCfg = Debug|Any CPU
		{979F9F1A-72CD-4C52-A5CD-4C102D4D0201}.Release|Any CPU.Build.0 = Release|Any CPU
		{979F9F1A-72CD-4C52-A5CD-4C102D4D0201}.Release|Any CPU.ActiveCfg = Release|Any CPU
	EndGlobalSection
EndGlobal
