
Microsoft Visual Studio Solution File, Format Version 11.00
# Visual Studio 2010
# SharpDevelop 4.4
Project("{FD48973F-F585-4F70-812B-4D0503B36CE9}") = "Slices", "Slices\Slices.pyproj", "{5A37D3A8-0766-4398-9A5B-6AC20CAE3463}"
EndProject
Global
	GlobalSection(SolutionConfigurationPlatforms) = preSolution
		Debug|Any CPU = Debug|Any CPU
		Release|Any CPU = Release|Any CPU
	EndGlobalSection
	GlobalSection(ProjectConfigurationPlatforms) = postSolution
		{5A37D3A8-0766-4398-9A5B-6AC20CAE3463}.Debug|Any CPU.Build.0 = Debug|Any CPU
		{5A37D3A8-0766-4398-9A5B-6AC20CAE3463}.Debug|Any CPU.ActiveCfg = Debug|Any CPU
		{5A37D3A8-0766-4398-9A5B-6AC20CAE3463}.Release|Any CPU.Build.0 = Release|Any CPU
		{5A37D3A8-0766-4398-9A5B-6AC20CAE3463}.Release|Any CPU.ActiveCfg = Release|Any CPU
	EndGlobalSection
EndGlobal
