
Microsoft Visual Studio Solution File, Format Version 11.00
# Visual Studio 2010
# SharpDevelop 4.4
Project("{FD48973F-F585-4F70-812B-4D0503B36CE9}") = "Prog122a", "Prog122a\Prog122a.pyproj", "{893CB162-B47F-419F-A8C0-B8E361602D59}"
EndProject
Global
	GlobalSection(SolutionConfigurationPlatforms) = preSolution
		Debug|Any CPU = Debug|Any CPU
		Release|Any CPU = Release|Any CPU
	EndGlobalSection
	GlobalSection(ProjectConfigurationPlatforms) = postSolution
		{893CB162-B47F-419F-A8C0-B8E361602D59}.Debug|Any CPU.Build.0 = Debug|Any CPU
		{893CB162-B47F-419F-A8C0-B8E361602D59}.Debug|Any CPU.ActiveCfg = Debug|Any CPU
		{893CB162-B47F-419F-A8C0-B8E361602D59}.Release|Any CPU.Build.0 = Release|Any CPU
		{893CB162-B47F-419F-A8C0-B8E361602D59}.Release|Any CPU.ActiveCfg = Release|Any CPU
	EndGlobalSection
EndGlobal
