
Microsoft Visual Studio Solution File, Format Version 11.00
# Visual Studio 2010
# SharpDevelop 4.4
Project("{FD48973F-F585-4F70-812B-4D0503B36CE9}") = "Prog54aDictc", "Prog54aDictc\Prog54aDictc.pyproj", "{BF1B585B-7134-40AB-8720-1EC208A54D83}"
EndProject
Global
	GlobalSection(SolutionConfigurationPlatforms) = preSolution
		Debug|Any CPU = Debug|Any CPU
		Release|Any CPU = Release|Any CPU
	EndGlobalSection
	GlobalSection(ProjectConfigurationPlatforms) = postSolution
		{BF1B585B-7134-40AB-8720-1EC208A54D83}.Debug|Any CPU.Build.0 = Debug|Any CPU
		{BF1B585B-7134-40AB-8720-1EC208A54D83}.Debug|Any CPU.ActiveCfg = Debug|Any CPU
		{BF1B585B-7134-40AB-8720-1EC208A54D83}.Release|Any CPU.Build.0 = Release|Any CPU
		{BF1B585B-7134-40AB-8720-1EC208A54D83}.Release|Any CPU.ActiveCfg = Release|Any CPU
	EndGlobalSection
EndGlobal
