
Microsoft Visual Studio Solution File, Format Version 11.00
# Visual Studio 2010
# SharpDevelop 4.4
Project("{FD48973F-F585-4F70-812B-4D0503B36CE9}") = "prog54c", "prog54c\prog54c.pyproj", "{2FAC5FEC-5964-4181-A3EF-50954BFCD32D}"
EndProject
Global
	GlobalSection(SolutionConfigurationPlatforms) = preSolution
		Debug|Any CPU = Debug|Any CPU
		Release|Any CPU = Release|Any CPU
	EndGlobalSection
	GlobalSection(ProjectConfigurationPlatforms) = postSolution
		{2FAC5FEC-5964-4181-A3EF-50954BFCD32D}.Debug|Any CPU.Build.0 = Debug|Any CPU
		{2FAC5FEC-5964-4181-A3EF-50954BFCD32D}.Debug|Any CPU.ActiveCfg = Debug|Any CPU
		{2FAC5FEC-5964-4181-A3EF-50954BFCD32D}.Release|Any CPU.Build.0 = Release|Any CPU
		{2FAC5FEC-5964-4181-A3EF-50954BFCD32D}.Release|Any CPU.ActiveCfg = Release|Any CPU
	EndGlobalSection
EndGlobal
