
Microsoft Visual Studio Solution File, Format Version 11.00
# Visual Studio 2010
# SharpDevelop 4.4
Project("{FD48973F-F585-4F70-812B-4D0503B36CE9}") = "prog52a", "prog52a\prog52a.pyproj", "{26E20CBC-18FB-4D25-B655-559C87A52121}"
EndProject
Global
	GlobalSection(SolutionConfigurationPlatforms) = preSolution
		Debug|Any CPU = Debug|Any CPU
		Release|Any CPU = Release|Any CPU
	EndGlobalSection
	GlobalSection(ProjectConfigurationPlatforms) = postSolution
		{26E20CBC-18FB-4D25-B655-559C87A52121}.Debug|Any CPU.Build.0 = Debug|Any CPU
		{26E20CBC-18FB-4D25-B655-559C87A52121}.Debug|Any CPU.ActiveCfg = Debug|Any CPU
		{26E20CBC-18FB-4D25-B655-559C87A52121}.Release|Any CPU.Build.0 = Release|Any CPU
		{26E20CBC-18FB-4D25-B655-559C87A52121}.Release|Any CPU.ActiveCfg = Release|Any CPU
	EndGlobalSection
EndGlobal
