
Microsoft Visual Studio Solution File, Format Version 11.00
# Visual Studio 2010
# SharpDevelop 4.4
Project("{FD48973F-F585-4F70-812B-4D0503B36CE9}") = "progr58t", "progr58t.pyproj", "{264EAA37-8CE7-4460-BE35-E8502C72C655}"
EndProject
Global
	GlobalSection(SolutionConfigurationPlatforms) = preSolution
		Debug|Any CPU = Debug|Any CPU
		Release|Any CPU = Release|Any CPU
	EndGlobalSection
	GlobalSection(ProjectConfigurationPlatforms) = postSolution
		{264EAA37-8CE7-4460-BE35-E8502C72C655}.Debug|Any CPU.Build.0 = Debug|Any CPU
		{264EAA37-8CE7-4460-BE35-E8502C72C655}.Debug|Any CPU.ActiveCfg = Debug|Any CPU
		{264EAA37-8CE7-4460-BE35-E8502C72C655}.Release|Any CPU.Build.0 = Release|Any CPU
		{264EAA37-8CE7-4460-BE35-E8502C72C655}.Release|Any CPU.ActiveCfg = Release|Any CPU
	EndGlobalSection
EndGlobal
