
Microsoft Visual Studio Solution File, Format Version 11.00
# Visual Studio 2010
# SharpDevelop 4.4
Project("{FD48973F-F585-4F70-812B-4D0503B36CE9}") = "Phonenumbers", "Phonenumbers.pyproj", "{751F0132-897D-4AEF-8919-4653D9A20EEB}"
EndProject
Global
	GlobalSection(SolutionConfigurationPlatforms) = preSolution
		Debug|Any CPU = Debug|Any CPU
		Release|Any CPU = Release|Any CPU
	EndGlobalSection
	GlobalSection(ProjectConfigurationPlatforms) = postSolution
		{751F0132-897D-4AEF-8919-4653D9A20EEB}.Debug|Any CPU.Build.0 = Debug|Any CPU
		{751F0132-897D-4AEF-8919-4653D9A20EEB}.Debug|Any CPU.ActiveCfg = Debug|Any CPU
		{751F0132-897D-4AEF-8919-4653D9A20EEB}.Release|Any CPU.Build.0 = Release|Any CPU
		{751F0132-897D-4AEF-8919-4653D9A20EEB}.Release|Any CPU.ActiveCfg = Release|Any CPU
	EndGlobalSection
EndGlobal
