
Microsoft Visual Studio Solution File, Format Version 11.00
# Visual Studio 2010
# SharpDevelop 4.4
Project("{FD48973F-F585-4F70-812B-4D0503B36CE9}") = "prog122c", "prog122c\prog122c.pyproj", "{3F80AE66-4BCC-4C0E-A862-4D995043D868}"
EndProject
Global
	GlobalSection(SolutionConfigurationPlatforms) = preSolution
		Debug|Any CPU = Debug|Any CPU
		Release|Any CPU = Release|Any CPU
	EndGlobalSection
	GlobalSection(ProjectConfigurationPlatforms) = postSolution
		{3F80AE66-4BCC-4C0E-A862-4D995043D868}.Debug|Any CPU.Build.0 = Debug|Any CPU
		{3F80AE66-4BCC-4C0E-A862-4D995043D868}.Debug|Any CPU.ActiveCfg = Debug|Any CPU
		{3F80AE66-4BCC-4C0E-A862-4D995043D868}.Release|Any CPU.Build.0 = Release|Any CPU
		{3F80AE66-4BCC-4C0E-A862-4D995043D868}.Release|Any CPU.ActiveCfg = Release|Any CPU
	EndGlobalSection
EndGlobal
