
Microsoft Visual Studio Solution File, Format Version 11.00
# Visual Studio 2010
# SharpDevelop 4.4
Project("{FD48973F-F585-4F70-812B-4D0503B36CE9}") = "prog162h", "prog162h\prog162h.pyproj", "{13501F39-FA50-41B8-9497-E3B3C5D32D12}"
EndProject
Global
	GlobalSection(SolutionConfigurationPlatforms) = preSolution
		Debug|Any CPU = Debug|Any CPU
		Release|Any CPU = Release|Any CPU
	EndGlobalSection
	GlobalSection(ProjectConfigurationPlatforms) = postSolution
		{13501F39-FA50-41B8-9497-E3B3C5D32D12}.Debug|Any CPU.Build.0 = Debug|Any CPU
		{13501F39-FA50-41B8-9497-E3B3C5D32D12}.Debug|Any CPU.ActiveCfg = Debug|Any CPU
		{13501F39-FA50-41B8-9497-E3B3C5D32D12}.Release|Any CPU.Build.0 = Release|Any CPU
		{13501F39-FA50-41B8-9497-E3B3C5D32D12}.Release|Any CPU.ActiveCfg = Release|Any CPU
	EndGlobalSection
EndGlobal
