
Microsoft Visual Studio Solution File, Format Version 11.00
# Visual Studio 2010
# SharpDevelop 4.4
Project("{FD48973F-F585-4F70-812B-4D0503B36CE9}") = "Prog162b", "Prog162b\Prog162b.pyproj", "{8AABCC3E-1F3D-47F3-A374-9A27B082297A}"
EndProject
Global
	GlobalSection(SolutionConfigurationPlatforms) = preSolution
		Debug|Any CPU = Debug|Any CPU
		Release|Any CPU = Release|Any CPU
	EndGlobalSection
	GlobalSection(ProjectConfigurationPlatforms) = postSolution
		{8AABCC3E-1F3D-47F3-A374-9A27B082297A}.Debug|Any CPU.Build.0 = Debug|Any CPU
		{8AABCC3E-1F3D-47F3-A374-9A27B082297A}.Debug|Any CPU.ActiveCfg = Debug|Any CPU
		{8AABCC3E-1F3D-47F3-A374-9A27B082297A}.Release|Any CPU.Build.0 = Release|Any CPU
		{8AABCC3E-1F3D-47F3-A374-9A27B082297A}.Release|Any CPU.ActiveCfg = Release|Any CPU
	EndGlobalSection
EndGlobal
